
Microsoft Visual Studio Solution File, Format Version 12.00
# Visual Studio Version 17
VisualStudioVersion = 17.2.32414.248
MinimumVisualStudioVersion = 10.0.40219.1
Project("{9A19103F-16F7-4668-BE54-9A1E7A4F7556}") = "Implicit", "src\Implicit\Implicit.csproj", "{3BE971CA-ECE1-4694-B67E-008ECAD33E57}"
EndProject
Project("{9A19103F-16F7-4668-BE54-9A1E7A4F7556}") = "Implicit.Tests", "src\Implicit.Tests\Implicit.Tests.csproj", "{83DD2217-9D7C-4B07-8ACA-F036091C066B}"
EndProject
Project("{2150E333-8FDC-42A3-9474-1A3956D46DE8}") = ".Solution", ".Solution", "{5B54E306-0440-46CA-8C2C-A818A65A12BC}"
	ProjectSection(SolutionItems) = preProject
		.editorconfig = .editorconfig
		.globalconfig = .globalconfig
		azure-pipelines.yml = azure-pipelines.yml
		global.json = global.json
		LICENSE = LICENSE
		README.md = README.md
	EndProjectSection
EndProject
Project("{9A19103F-16F7-4668-BE54-9A1E7A4F7556}") = "Implicit.Benchmark", "src\Implicit.Benchmark\Implicit.Benchmark.csproj", "{EFC0B38E-2ADC-4870-B3E3-27E42AC5BABC}"
EndProject
Project("{2150E333-8FDC-42A3-9474-1A3956D46DE8}") = "src", "src", "{6A1ABA58-D21A-4080-8195-28FFCB631A26}"
	ProjectSection(SolutionItems) = preProject
		src\Directory.Build.props = src\Directory.Build.props
	EndProjectSection
EndProject
Global
	GlobalSection(SolutionConfigurationPlatforms) = preSolution
		Debug|Any CPU = Debug|Any CPU
		Release|Any CPU = Release|Any CPU
	EndGlobalSection
	GlobalSection(ProjectConfigurationPlatforms) = postSolution
		{3BE971CA-ECE1-4694-B67E-008ECAD33E57}.Debug|Any CPU.ActiveCfg = Debug|Any CPU
		{3BE971CA-ECE1-4694-B67E-008ECAD33E57}.Debug|Any CPU.Build.0 = Debug|Any CPU
		{3BE971CA-ECE1-4694-B67E-008ECAD33E57}.Release|Any CPU.ActiveCfg = Release|Any CPU
		{3BE971CA-ECE1-4694-B67E-008ECAD33E57}.Release|Any CPU.Build.0 = Release|Any CPU
		{83DD2217-9D7C-4B07-8ACA-F036091C066B}.Debug|Any CPU.ActiveCfg = Debug|Any CPU
		{83DD2217-9D7C-4B07-8ACA-F036091C066B}.Debug|Any CPU.Build.0 = Debug|Any CPU
		{83DD2217-9D7C-4B07-8ACA-F036091C066B}.Release|Any CPU.ActiveCfg = Release|Any CPU
		{83DD2217-9D7C-4B07-8ACA-F036091C066B}.Release|Any CPU.Build.0 = Release|Any CPU
		{EFC0B38E-2ADC-4870-B3E3-27E42AC5BABC}.Debug|Any CPU.ActiveCfg = Debug|Any CPU
		{EFC0B38E-2ADC-4870-B3E3-27E42AC5BABC}.Debug|Any CPU.Build.0 = Debug|Any CPU
		{EFC0B38E-2ADC-4870-B3E3-27E42AC5BABC}.Release|Any CPU.ActiveCfg = Release|Any CPU
		{EFC0B38E-2ADC-4870-B3E3-27E42AC5BABC}.Release|Any CPU.Build.0 = Release|Any CPU
	EndGlobalSection
	GlobalSection(SolutionProperties) = preSolution
		HideSolutionNode = FALSE
	EndGlobalSection
	GlobalSection(NestedProjects) = preSolution
		{6A1ABA58-D21A-4080-8195-28FFCB631A26} = {5B54E306-0440-46CA-8C2C-A818A65A12BC}
	EndGlobalSection
	GlobalSection(ExtensibilityGlobals) = postSolution
		SolutionGuid = {0444D698-A7B8-4C87-8359-00D40CE665C0}
	EndGlobalSection
	GlobalSection(Performance) = preSolution
		HasPerformanceSessions = true
	EndGlobalSection
EndGlobal
